<?xml version="1.0" encoding="utf-8"?>
<Project ToolsVersion="4.0" xmlns="http://schemas.microsoft.com/developer/msbuild/2003">
  <ItemGroup>
    <Filter Include="login_txt">
      <UniqueIdentifier>{019d9b7d-77dd-46f3-9c77-c8f10a758232}</UniqueIdentifier>
    </Filter>
    <Filter Include="common">
      <UniqueIdentifier>{80757329-eacc-45a3-adc0-14caa43f3c9e}</UniqueIdentifier>
    </Filter>
    <Filter Include="3rdparty">
      <UniqueIdentifier>{5c4d6a61-962f-4bd8-9fb3-8fa7729fbee7}</UniqueIdentifier>
    </Filter>
  </ItemGroup>
  <ItemGroup>
    <ClInclude Include="..\src\login\account.h">
      <Filter>login_txt</Filter>
    </ClInclude>
    <ClInclude Include="..\src\login\ipban.h">
      <Filter>login_txt</Filter>
    </ClInclude>
    <ClInclude Include="..\src\login\login.h">
      <Filter>login_txt</Filter>
    </ClInclude>
    <ClInclude Include="..\src\login\loginlog.h">
      <Filter>login_txt</Filter>
    </ClInclude>
    <ClInclude Include="..\src\common\cbasetypes.h">
      <Filter>common</Filter>
    </ClInclude>
    <ClInclude Include="..\src\common\core.h">
      <Filter>common</Filter>
    </ClInclude>
    <ClInclude Include="..\src\common\db.h">
      <Filter>common</Filter>
    </ClInclude>
    <ClInclude Include="..\src\common\lock.h">
      <Filter>common</Filter>
    </ClInclude>
    <ClInclude Include="..\src\common\malloc.h">
      <Filter>common</Filter>
    </ClInclude>
    <ClInclude Include="..\src\common\md5calc.h">
      <Filter>common</Filter>
    </ClInclude>
    <ClInclude Include="..\src\common\mmo.h">
      <Filter>common</Filter>
    </ClInclude>
    <ClInclude Include="..\src\common\nullpo.h">
      <Filter>common</Filter>
    </ClInclude>
    <ClInclude Include="..\src\common\plugin.h">
      <Filter>common</Filter>
    </ClInclude>
    <ClInclude Include="..\src\common\plugins.h">
      <Filter>common</Filter>
    </ClInclude>
    <ClInclude Include="..\src\common\random.h">
      <Filter>common</Filter>
    </ClInclude>
    <ClInclude Include="..\src\common\showmsg.h">
      <Filter>common</Filter>
    </ClInclude>
    <ClInclude Include="..\src\common\socket.h">
      <Filter>common</Filter>
    </ClInclude>
    <ClInclude Include="..\src\common\strlib.h">
      <Filter>common</Filter>
    </ClInclude>
    <ClInclude Include="..\src\common\timer.h">
      <Filter>common</Filter>
    </ClInclude>
    <ClInclude Include="..\src\common\utils.h">
      <Filter>common</Filter>
    </ClInclude>
    <ClInclude Include="..\src\common\version.h">
      <Filter>common</Filter>
    </ClInclude>
    <ClInclude Include="..\3rdparty\mt19937ar\mt19937ar.h">
      <Filter>3rdparty</Filter>
    </ClInclude>
  </ItemGroup>
  <ItemGroup>
    <ClCompile Include="..\src\login\account_txt.c">
      <Filter>login_txt</Filter>
    </ClCompile>
    <ClCompile Include="..\src\login\ipban_txt.c">
      <Filter>login_txt</Filter>
    </ClCompile>
    <ClCompile Include="..\src\login\login.c">
      <Filter>login_txt</Filter>
    </ClCompile>
    <ClCompile Include="..\src\login\loginlog_txt.c">
      <Filter>login_txt</Filter>
    </ClCompile>
    <ClCompile Include="..\src\common\core.c">
      <Filter>common</Filter>
    </ClCompile>
    <ClCompile Include="..\src\common\db.c">
      <Filter>common</Filter>
    </ClCompile>
    <ClCompile Include="..\src\common\ers.c">
      <Filter>common</Filter>
    </ClCompile>
    <ClCompile Include="..\src\common\lock.c">
      <Filter>common</Filter>
    </ClCompile>
    <ClCompile Include="..\src\common\malloc.c">
      <Filter>common</Filter>
    </ClCompile>
    <ClCompile Include="..\src\common\md5calc.c">
      <Filter>common</Filter>
    </ClCompile>
    <ClCompile Include="..\src\common\nullpo.c">
      <Filter>common</Filter>
    </ClCompile>
    <ClCompile Include="..\src\common\plugins.c">
      <Filter>common</Filter>
    </ClCompile>
    <ClCompile Include="..\src\common\random.c">
      <Filter>common</Filter>
    </ClCompile>
    <ClCompile Include="..\src\common\showmsg.c">
      <Filter>common</Filter>
    </ClCompile>
    <ClCompile Include="..\src\common\socket.c">
      <Filter>common</Filter>
    </ClCompile>
    <ClCompile Include="..\src\common\strlib.c">
      <Filter>common</Filter>
    </ClCompile>
    <ClCompile Include="..\src\common\timer.c">
      <Filter>common</Filter>
    </ClCompile>
    <ClCompile Include="..\src\common\utils.c">
      <Filter>common</Filter>
    </ClCompile>
    <ClCompile Include="..\3rdparty\mt19937ar\mt19937ar.c">
      <Filter>3rdparty</Filter>
    </ClCompile>
  </ItemGroup>
</Project>