<?xml version="1.0" encoding="utf-8"?>
<Project ToolsVersion="4.0" xmlns="http://schemas.microsoft.com/developer/msbuild/2003">
  <ItemGroup>
    <Filter Include="common">
      <UniqueIdentifier>{682abc4f-52b7-4276-9aed-eac3c102a286}</UniqueIdentifier>
    </Filter>
  </ItemGroup>
  <ItemGroup>
    <ClCompile Include="..\src\common\core.c">
      <Filter>common</Filter>
    </ClCompile>
    <ClCompile Include="..\src\common\db.c">
      <Filter>common</Filter>
    </ClCompile>
    <ClCompile Include="..\src\common\ers.c">
      <Filter>common</Filter>
    </ClCompile>
    <ClCompile Include="..\src\common\lock.c">
      <Filter>common</Filter>
    </ClCompile>
    <ClCompile Include="..\src\common\malloc.c">
      <Filter>common</Filter>
    </ClCompile>
    <ClCompile Include="..\src\common\showmsg.c">
      <Filter>common</Filter>
    </ClCompile>
    <ClCompile Include="..\src\common\sql.c">
      <Filter>common</Filter>
    </ClCompile>
    <ClCompile Include="..\src\common\strlib.c">
      <Filter>common</Filter>
    </ClCompile>
    <ClCompile Include="..\src\common\timer.c">
      <Filter>common</Filter>
    </ClCompile>
    <ClCompile Include="..\src\common\utils.c">
      <Filter>common</Filter>
    </ClCompile>
    <ClCompile Include="..\src\login\account_sql.c" />
    <ClCompile Include="..\src\login\account_txt.c" />
    <ClCompile Include="..\src\txt-converter\login-converter.c" />
  </ItemGroup>
  <ItemGroup>
    <ClInclude Include="..\src\common\core.h">
      <Filter>common</Filter>
    </ClInclude>
    <ClInclude Include="..\src\common\db.h">
      <Filter>common</Filter>
    </ClInclude>
    <ClInclude Include="..\src\common\ers.h">
      <Filter>common</Filter>
    </ClInclude>
    <ClInclude Include="..\src\common\lock.h">
      <Filter>common</Filter>
    </ClInclude>
    <ClInclude Include="..\src\common\malloc.h">
      <Filter>common</Filter>
    </ClInclude>
    <ClInclude Include="..\src\common\showmsg.h">
      <Filter>common</Filter>
    </ClInclude>
    <ClInclude Include="..\src\common\sql.h">
      <Filter>common</Filter>
    </ClInclude>
    <ClInclude Include="..\src\common\strlib.h">
      <Filter>common</Filter>
    </ClInclude>
    <ClInclude Include="..\src\common\timer.h">
      <Filter>common</Filter>
    </ClInclude>
    <ClInclude Include="..\src\common\utils.h">
      <Filter>common</Filter>
    </ClInclude>
    <ClInclude Include="..\src\login\account.h" />
  </ItemGroup>
</Project>